// !$*UTF8*$!
{
	archiveVersion = 1;
	classes = {
	};
	objectVersion = 55;
	objects = {

/* Begin PBXBuildFile section */
		F70503AC27E7FA2600D1F52D /* AppDelegate.swift in Sources */ = {isa = PBXBuildFile; fileRef = F70503AB27E7FA2600D1F52D /* AppDelegate.swift */; };
		F70503AE27E7FA2600D1F52D /* SceneDelegate.swift in Sources */ = {isa = PBXBuildFile; fileRef = F70503AD27E7FA2600D1F52D /* SceneDelegate.swift */; };
		F70503B027E7FA2600D1F52D /* ViewController.swift in Sources */ = {isa = PBXBuildFile; fileRef = F70503AF27E7FA2600D1F52D /* ViewController.swift */; };
		F70503B327E7FA2600D1F52D /* Main.storyboard in Resources */ = {isa = PBXBuildFile; fileRef = F70503B127E7FA2600D1F52D /* Main.storyboard */; };
		F70503B527E7FA2800D1F52D /* Assets.xcassets in Resources */ = {isa = PBXBuildFile; fileRef = F70503B427E7FA2800D1F52D /* Assets.xcassets */; };
		F70503B827E7FA2800D1F52D /* LaunchScreen.storyboard in Resources */ = {isa = PBXBuildFile; fileRef = F70503B627E7FA2800D1F52D /* LaunchScreen.storyboard */; };
		F70503C327E7FA2800D1F52D /* finalTests.swift in Sources */ = {isa = PBXBuildFile; fileRef = F70503C227E7FA2800D1F52D /* finalTests.swift */; };
		F70503CD27E7FA2800D1F52D /* finalUITests.swift in Sources */ = {isa = PBXBuildFile; fileRef = F70503CC27E7FA2800D1F52D /* finalUITests.swift */; };
		F70503CF27E7FA2800D1F52D /* finalUITestsLaunchTests.swift in Sources */ = {isa = PBXBuildFile; fileRef = F70503CE27E7FA2800D1F52D /* finalUITestsLaunchTests.swift */; };
		F7270D0527F29E660017F3A1 /* extractImage.swift in Sources */ = {isa = PBXBuildFile; fileRef = F7270D0427F29E660017F3A1 /* extractImage.swift */; };
		F7270D0727F3E8A90017F3A1 /* Resnet50.mlmodel in Sources */ = {isa = PBXBuildFile; fileRef = F7270D0627F3E8A90017F3A1 /* Resnet50.mlmodel */; };
		F7270D0927F3E9300017F3A1 /* SqueezeNet.mlmodel in Sources */ = {isa = PBXBuildFile; fileRef = F7270D0827F3E9300017F3A1 /* SqueezeNet.mlmodel */; };
		F7270D0B27F3EDB90017F3A1 /* MobileNetV2.mlmodel in Sources */ = {isa = PBXBuildFile; fileRef = F7270D0A27F3EDB90017F3A1 /* MobileNetV2.mlmodel */; };
		F7270D0D27F3F0160017F3A1 /* PredictorController.swift in Sources */ = {isa = PBXBuildFile; fileRef = F7270D0C27F3F0160017F3A1 /* PredictorController.swift */; };
		F7270D0F27F3F5330017F3A1 /* Predictor.swift in Sources */ = {isa = PBXBuildFile; fileRef = F7270D0E27F3F5330017F3A1 /* Predictor.swift */; };
		F7F23DF827F6A0F300FC432A /* confidenceString.swift in Sources */ = {isa = PBXBuildFile; fileRef = F7F23DF727F6A0F300FC432A /* confidenceString.swift */; };
/* End PBXBuildFile section */

/* Begin PBXContainerItemProxy section */
		F70503BF27E7FA2800D1F52D /* PBXContainerItemProxy */ = {
			isa = PBXContainerItemProxy;
			containerPortal = F70503A027E7FA2600D1F52D /* Project object */;
			proxyType = 1;
			remoteGlobalIDString = F70503A727E7FA2600D1F52D;
			remoteInfo = final;
		};
		F70503C927E7FA2800D1F52D /* PBXContainerItemProxy */ = {
			isa = PBXContainerItemProxy;
			containerPortal = F70503A027E7FA2600D1F52D /* Project object */;
			proxyType = 1;
			remoteGlobalIDString = F70503A727E7FA2600D1F52D;
			remoteInfo = final;
		};
/* End PBXContainerItemProxy section */

/* Begin PBXFileReference section */
		F70503A827E7FA2600D1F52D /* final.app */ = {isa = PBXFileReference; explicitFileType = wrapper.application; includeInIndex = 0; path = final.app; sourceTree = BUILT_PRODUCTS_DIR; };
		F70503AB27E7FA2600D1F52D /* AppDelegate.swift */ = {isa = PBXFileReference; lastKnownFileType = sourcecode.swift; path = AppDelegate.swift; sourceTree = "<group>"; };
		F70503AD27E7FA2600D1F52D /* SceneDelegate.swift */ = {isa = PBXFileReference; lastKnownFileType = sourcecode.swift; path = SceneDelegate.swift; sourceTree = "<group>"; };
		F70503AF27E7FA2600D1F52D /* ViewController.swift */ = {isa = PBXFileReference; lastKnownFileType = sourcecode.swift; path = ViewController.swift; sourceTree = "<group>"; };
		F70503B227E7FA2600D1F52D /* Base */ = {isa = PBXFileReference; lastKnownFileType = file.storyboard; name = Base; path = Base.lproj/Main.storyboard; sourceTree = "<group>"; };
		F70503B427E7FA2800D1F52D /* Assets.xcassets */ = {isa = PBXFileReference; lastKnownFileType = folder.assetcatalog; path = Assets.xcassets; sourceTree = "<group>"; };
		F70503B727E7FA2800D1F52D /* Base */ = {isa = PBXFileReference; lastKnownFileType = file.storyboard; name = Base; path = Base.lproj/LaunchScreen.storyboard; sourceTree = "<group>"; };
		F70503B927E7FA2800D1F52D /* Info.plist */ = {isa = PBXFileReference; lastKnownFileType = text.plist.xml; path = Info.plist; sourceTree = "<group>"; };
		F70503BE27E7FA2800D1F52D /* finalTests.xctest */ = {isa = PBXFileReference; explicitFileType = wrapper.cfbundle; includeInIndex = 0; path = finalTests.xctest; sourceTree = BUILT_PRODUCTS_DIR; };
		F70503C227E7FA2800D1F52D /* finalTests.swift */ = {isa = PBXFileReference; lastKnownFileType = sourcecode.swift; path = finalTests.swift; sourceTree = "<group>"; };
		F70503C827E7FA2800D1F52D /* finalUITests.xctest */ = {isa = PBXFileReference; explicitFileType = wrapper.cfbundle; includeInIndex = 0; path = finalUITests.xctest; sourceTree = BUILT_PRODUCTS_DIR; };
		F70503CC27E7FA2800D1F52D /* finalUITests.swift */ = {isa = PBXFileReference; lastKnownFileType = sourcecode.swift; path = finalUITests.swift; sourceTree = "<group>"; };
		F70503CE27E7FA2800D1F52D /* finalUITestsLaunchTests.swift */ = {isa = PBXFileReference; lastKnownFileType = sourcecode.swift; path = finalUITestsLaunchTests.swift; sourceTree = "<group>"; };
		F7270D0427F29E660017F3A1 /* extractImage.swift */ = {isa = PBXFileReference; lastKnownFileType = sourcecode.swift; path = extractImage.swift; sourceTree = "<group>"; };
		F7270D0627F3E8A90017F3A1 /* Resnet50.mlmodel */ = {isa = PBXFileReference; lastKnownFileType = file.mlmodel; path = Resnet50.mlmodel; sourceTree = "<group>"; };
		F7270D0827F3E9300017F3A1 /* SqueezeNet.mlmodel */ = {isa = PBXFileReference; lastKnownFileType = file.mlmodel; path = SqueezeNet.mlmodel; sourceTree = "<group>"; };
		F7270D0A27F3EDB90017F3A1 /* MobileNetV2.mlmodel */ = {isa = PBXFileReference; lastKnownFileType = file.mlmodel; path = MobileNetV2.mlmodel; sourceTree = "<group>"; };
		F7270D0C27F3F0160017F3A1 /* PredictorController.swift */ = {isa = PBXFileReference; lastKnownFileType = sourcecode.swift; path = PredictorController.swift; sourceTree = "<group>"; };
		F7270D0E27F3F5330017F3A1 /* Predictor.swift */ = {isa = PBXFileReference; lastKnownFileType = sourcecode.swift; path = Predictor.swift; sourceTree = "<group>"; };
		F7F23DF727F6A0F300FC432A /* confidenceString.swift */ = {isa = PBXFileReference; lastKnownFileType = sourcecode.swift; path = confidenceString.swift; sourceTree = "<group>"; };
/* End PBXFileReference section */

/* Begin PBXFrameworksBuildPhase section */
		F70503A527E7FA2600D1F52D /* Frameworks */ = {
			isa = PBXFrameworksBuildPhase;
			buildActionMask = 2147483647;
			files = (
			);
			runOnlyForDeploymentPostprocessing = 0;
		};
		F70503BB27E7FA2800D1F52D /* Frameworks */ = {
			isa = PBXFrameworksBuildPhase;
			buildActionMask = 2147483647;
			files = (
			);
			runOnlyForDeploymentPostprocessing = 0;
		};
		F70503C527E7FA2800D1F52D /* Frameworks */ = {
			isa = PBXFrameworksBuildPhase;
			buildActionMask = 2147483647;
			files = (
			);
			runOnlyForDeploymentPostprocessing = 0;
		};
/* End PBXFrameworksBuildPhase section */

/* Begin PBXGroup section */
		F705039F27E7FA2600D1F52D = {
			isa = PBXGroup;
			children = (
				F70503AA27E7FA2600D1F52D /* final */,
				F70503C127E7FA2800D1F52D /* finalTests */,
				F70503CB27E7FA2800D1F52D /* finalUITests */,
				F70503A927E7FA2600D1F52D /* Products */,
			);
			sourceTree = "<group>";
		};
		F70503A927E7FA2600D1F52D /* Products */ = {
			isa = PBXGroup;
			children = (
				F70503A827E7FA2600D1F52D /* final.app */,
				F70503BE27E7FA2800D1F52D /* finalTests.xctest */,
				F70503C827E7FA2800D1F52D /* finalUITests.xctest */,
			);
			name = Products;
			sourceTree = "<group>";
		};
		F70503AA27E7FA2600D1F52D /* final */ = {
			isa = PBXGroup;
			children = (
				F70503AB27E7FA2600D1F52D /* AppDelegate.swift */,
				F7270D0427F29E660017F3A1 /* extractImage.swift */,
				F70503AD27E7FA2600D1F52D /* SceneDelegate.swift */,
				F70503AF27E7FA2600D1F52D /* ViewController.swift */,
				F7270D0C27F3F0160017F3A1 /* PredictorController.swift */,
				F7270D0E27F3F5330017F3A1 /* Predictor.swift */,
				F7F23DF727F6A0F300FC432A /* confidenceString.swift */,
				F70503B127E7FA2600D1F52D /* Main.storyboard */,
				F70503B427E7FA2800D1F52D /* Assets.xcassets */,
				F70503B627E7FA2800D1F52D /* LaunchScreen.storyboard */,
				F70503B927E7FA2800D1F52D /* Info.plist */,
				F7270D0627F3E8A90017F3A1 /* Resnet50.mlmodel */,
				F7270D0827F3E9300017F3A1 /* SqueezeNet.mlmodel */,
				F7270D0A27F3EDB90017F3A1 /* MobileNetV2.mlmodel */,
			);
			path = final;
			sourceTree = "<group>";
		};
		F70503C127E7FA2800D1F52D /* finalTests */ = {
			isa = PBXGroup;
			children = (
				F70503C227E7FA2800D1F52D /* finalTests.swift */,
			);
			path = finalTests;
			sourceTree = "<group>";
		};
		F70503CB27E7FA2800D1F52D /* finalUITests */ = {
			isa = PBXGroup;
			children = (
				F70503CC27E7FA2800D1F52D /* finalUITests.swift */,
				F70503CE27E7FA2800D1F52D /* finalUITestsLaunchTests.swift */,
			);
			path = finalUITests;
			sourceTree = "<group>";
		};
/* End PBXGroup section */

/* Begin PBXNativeTarget section */
		F70503A727E7FA2600D1F52D /* final */ = {
			isa = PBXNativeTarget;
			buildConfigurationList = F70503D227E7FA2800D1F52D /* Build configuration list for PBXNativeTarget "final" */;
			buildPhases = (
				F70503A427E7FA2600D1F52D /* Sources */,
				F70503A527E7FA2600D1F52D /* Frameworks */,
				F70503A627E7FA2600D1F52D /* Resources */,
			);
			buildRules = (
			);
			dependencies = (
			);
			name = final;
			productName = final;
			productReference = F70503A827E7FA2600D1F52D /* final.app */;
			productType = "com.apple.product-type.application";
		};
		F70503BD27E7FA2800D1F52D /* finalTests */ = {
			isa = PBXNativeTarget;
			buildConfigurationList = F70503D527E7FA2800D1F52D /* Build configuration list for PBXNativeTarget "finalTests" */;
			buildPhases = (
				F70503BA27E7FA2800D1F52D /* Sources */,
				F70503BB27E7FA2800D1F52D /* Frameworks */,
				F70503BC27E7FA2800D1F52D /* Resources */,
			);
			buildRules = (
			);
			dependencies = (
				F70503C027E7FA2800D1F52D /* PBXTargetDependency */,
			);
			name = finalTests;
			productName = finalTests;
			productReference = F70503BE27E7FA2800D1F52D /* finalTests.xctest */;
			productType = "com.apple.product-type.bundle.unit-test";
		};
		F70503C727E7FA2800D1F52D /* finalUITests */ = {
			isa = PBXNativeTarget;
			buildConfigurationList = F70503D827E7FA2800D1F52D /* Build configuration list for PBXNativeTarget "finalUITests" */;
			buildPhases = (
				F70503C427E7FA2800D1F52D /* Sources */,
				F70503C527E7FA2800D1F52D /* Frameworks */,
				F70503C627E7FA2800D1F52D /* Resources */,
			);
			buildRules = (
			);
			dependencies = (
				F70503CA27E7FA2800D1F52D /* PBXTargetDependency */,
			);
			name = finalUITests;
			productName = finalUITests;
			productReference = F70503C827E7FA2800D1F52D /* finalUITests.xctest */;
			productType = "com.apple.product-type.bundle.ui-testing";
		};
/* End PBXNativeTarget section */

/* Begin PBXProject section */
		F70503A027E7FA2600D1F52D /* Project object */ = {
			isa = PBXProject;
			attributes = {
				BuildIndependentTargetsInParallel = 1;
				LastSwiftUpdateCheck = 1320;
				LastUpgradeCheck = 1320;
				TargetAttributes = {
					F70503A727E7FA2600D1F52D = {
						CreatedOnToolsVersion = 13.2.1;
					};
					F70503BD27E7FA2800D1F52D = {
						CreatedOnToolsVersion = 13.2.1;
						TestTargetID = F70503A727E7FA2600D1F52D;
					};
					F70503C727E7FA2800D1F52D = {
						CreatedOnToolsVersion = 13.2.1;
						TestTargetID = F70503A727E7FA2600D1F52D;
					};
				};
			};
			buildConfigurationList = F70503A327E7FA2600D1F52D /* Build configuration list for PBXProject "final" */;
			compatibilityVersion = "Xcode 13.0";
			developmentRegion = en;
			hasScannedForEncodings = 0;
			knownRegions = (
				en,
				Base,
			);
			mainGroup = F705039F27E7FA2600D1F52D;
			productRefGroup = F70503A927E7FA2600D1F52D /* Products */;
			projectDirPath = "";
			projectRoot = "";
			targets = (
				F70503A727E7FA2600D1F52D /* final */,
				F70503BD27E7FA2800D1F52D /* finalTests */,
				F70503C727E7FA2800D1F52D /* finalUITests */,
			);
		};
/* End PBXProject section */

/* Begin PBXResourcesBuildPhase section */
		F70503A627E7FA2600D1F52D /* Resources */ = {
			isa = PBXResourcesBuildPhase;
			buildActionMask = 2147483647;
			files = (
				F70503B827E7FA2800D1F52D /* LaunchScreen.storyboard in Resources */,
				F70503B527E7FA2800D1F52D /* Assets.xcassets in Resources */,
				F70503B327E7FA2600D1F52D /* Main.storyboard in Resources */,
			);
			runOnlyForDeploymentPostprocessing = 0;
		};
		F70503BC27E7FA2800D1F52D /* Resources */ = {
			isa = PBXResourcesBuildPhase;
			buildActionMask = 2147483647;
			files = (
			);
			runOnlyForDeploymentPostprocessing = 0;
		};
		F70503C627E7FA2800D1F52D /* Resources */ = {
			isa = PBXResourcesBuildPhase;
			buildActionMask = 2147483647;
			files = (
			);
			runOnlyForDeploymentPostprocessing = 0;
		};
/* End PBXResourcesBuildPhase section */

/* Begin PBXSourcesBuildPhase section */
		F70503A427E7FA2600D1F52D /* Sources */ = {
			isa = PBXSourcesBuildPhase;
			buildActionMask = 2147483647;
			files = (
				F7F23DF827F6A0F300FC432A /* confidenceString.swift in Sources */,
				F7270D0B27F3EDB90017F3A1 /* MobileNetV2.mlmodel in Sources */,
				F70503B027E7FA2600D1F52D /* ViewController.swift in Sources */,
				F70503AC27E7FA2600D1F52D /* AppDelegate.swift in Sources */,
				F7270D0927F3E9300017F3A1 /* SqueezeNet.mlmodel in Sources */,
				F7270D0D27F3F0160017F3A1 /* PredictorController.swift in Sources */,
				F7270D0527F29E660017F3A1 /* extractImage.swift in Sources */,
				F7270D0727F3E8A90017F3A1 /* Resnet50.mlmodel in Sources */,
				F7270D0F27F3F5330017F3A1 /* Predictor.swift in Sources */,
				F70503AE27E7FA2600D1F52D /* SceneDelegate.swift in Sources */,
			);
			runOnlyForDeploymentPostprocessing = 0;
		};
		F70503BA27E7FA2800D1F52D /* Sources */ = {
			isa = PBXSourcesBuildPhase;
			buildActionMask = 2147483647;
			files = (
				F70503C327E7FA2800D1F52D /* finalTests.swift in Sources */,
			);
			runOnlyForDeploymentPostprocessing = 0;
		};
		F70503C427E7FA2800D1F52D /* Sources */ = {
			isa = PBXSourcesBuildPhase;
			buildActionMask = 2147483647;
			files = (
				F70503CD27E7FA2800D1F52D /* finalUITests.swift in Sources */,
				F70503CF27E7FA2800D1F52D /* finalUITestsLaunchTests.swift in Sources */,
			);
			runOnlyForDeploymentPostprocessing = 0;
		};
/* End PBXSourcesBuildPhase section */

/* Begin PBXTargetDependency section */
		F70503C027E7FA2800D1F52D /* PBXTargetDependency */ = {
			isa = PBXTargetDependency;
			target = F70503A727E7FA2600D1F52D /* final */;
			targetProxy = F70503BF27E7FA2800D1F52D /* PBXContainerItemProxy */;
		};
		F70503CA27E7FA2800D1F52D /* PBXTargetDependency */ = {
			isa = PBXTargetDependency;
			target = F70503A727E7FA2600D1F52D /* final */;
			targetProxy = F70503C927E7FA2800D1F52D /* PBXContainerItemProxy */;
		};
/* End PBXTargetDependency section */

/* Begin PBXVariantGroup section */
		F70503B127E7FA2600D1F52D /* Main.storyboard */ = {
			isa = PBXVariantGroup;
			children = (
				F70503B227E7FA2600D1F52D /* Base */,
			);
			name = Main.storyboard;
			sourceTree = "<group>";
		};
		F70503B627E7FA2800D1F52D /* LaunchScreen.storyboard */ = {
			isa = PBXVariantGroup;
			children = (
				F70503B727E7FA2800D1F52D /* Base */,
			);
			name = LaunchScreen.storyboard;
			sourceTree = "<group>";
		};
/* End PBXVariantGroup section */

/* Begin XCBuildConfiguration section */
		F70503D027E7FA2800D1F52D /* Debug */ = {
			isa = XCBuildConfiguration;
			buildSettings = {
				ALWAYS_SEARCH_USER_PATHS = NO;
				CLANG_ANALYZER_NONNULL = YES;
				CLANG_ANALYZER_NUMBER_OBJECT_CONVERSION = YES_AGGRESSIVE;
				CLANG_CXX_LANGUAGE_STANDARD = "gnu++17";
				CLANG_CXX_LIBRARY = "libc++";
				CLANG_ENABLE_MODULES = YES;
				CLANG_ENABLE_OBJC_ARC = YES;
				CLANG_ENABLE_OBJC_WEAK = YES;
				CLANG_WARN_BLOCK_CAPTURE_AUTORELEASING = YES;
				CLANG_WARN_BOOL_CONVERSION = YES;
				CLANG_WARN_COMMA = YES;
				CLANG_WARN_CONSTANT_CONVERSION = YES;
				CLANG_WARN_DEPRECATED_OBJC_IMPLEMENTATIONS = YES;
				CLANG_WARN_DIRECT_OBJC_ISA_USAGE = YES_ERROR;
				CLANG_WARN_DOCUMENTATION_COMMENTS = YES;
				CLANG_WARN_EMPTY_BODY = YES;
				CLANG_WARN_ENUM_CONVERSION = YES;
				CLANG_WARN_INFINITE_RECURSION = YES;
				CLANG_WARN_INT_CONVERSION = YES;
				CLANG_WARN_NON_LITERAL_NULL_CONVERSION = YES;
				CLANG_WARN_OBJC_IMPLICIT_RETAIN_SELF = YES;
				CLANG_WARN_OBJC_LITERAL_CONVERSION = YES;
				CLANG_WARN_OBJC_ROOT_CLASS = YES_ERROR;
				CLANG_WARN_QUOTED_INCLUDE_IN_FRAMEWORK_HEADER = YES;
				CLANG_WARN_RANGE_LOOP_ANALYSIS = YES;
				CLANG_WARN_STRICT_PROTOTYPES = YES;
				CLANG_WARN_SUSPICIOUS_MOVE = YES;
				CLANG_WARN_UNGUARDED_AVAILABILITY = YES_AGGRESSIVE;
				CLANG_WARN_UNREACHABLE_CODE = YES;
				CLANG_WARN__DUPLICATE_METHOD_MATCH = YES;
				COPY_PHASE_STRIP = NO;
				DEBUG_INFORMATION_FORMAT = dwarf;
				ENABLE_STRICT_OBJC_MSGSEND = YES;
				ENABLE_TESTABILITY = YES;
				GCC_C_LANGUAGE_STANDARD = gnu11;
				GCC_DYNAMIC_NO_PIC = NO;
				GCC_NO_COMMON_BLOCKS = YES;
				GCC_OPTIMIZATION_LEVEL = 0;
				GCC_PREPROCESSOR_DEFINITIONS = (
					"DEBUG=1",
					"$(inherited)",
				);
				GCC_WARN_64_TO_32_BIT_CONVERSION = YES;
				GCC_WARN_ABOUT_RETURN_TYPE = YES_ERROR;
				GCC_WARN_UNDECLARED_SELECTOR = YES;
				GCC_WARN_UNINITIALIZED_AUTOS = YES_AGGRESSIVE;
				GCC_WARN_UNUSED_FUNCTION = YES;
				GCC_WARN_UNUSED_VARIABLE = YES;
				IPHONEOS_DEPLOYMENT_TARGET = 15.2;
				MTL_ENABLE_DEBUG_INFO = INCLUDE_SOURCE;
				MTL_FAST_MATH = YES;
				ONLY_ACTIVE_ARCH = YES;
				SDKROOT = iphoneos;
				SWIFT_ACTIVE_COMPILATION_CONDITIONS = DEBUG;
				SWIFT_OPTIMIZATION_LEVEL = "-Onone";
			};
			name = Debug;
		};
		F70503D127E7FA2800D1F52D /* Release */ = {
			isa = XCBuildConfiguration;
			buildSettings = {
				ALWAYS_SEARCH_USER_PATHS = NO;
				CLANG_ANALYZER_NONNULL = YES;
				CLANG_ANALYZER_NUMBER_OBJECT_CONVERSION = YES_AGGRESSIVE;
				CLANG_CXX_LANGUAGE_STANDARD = "gnu++17";
				CLANG_CXX_LIBRARY = "libc++";
				CLANG_ENABLE_MODULES = YES;
				CLANG_ENABLE_OBJC_ARC = YES;
				CLANG_ENABLE_OBJC_WEAK = YES;
				CLANG_WARN_BLOCK_CAPTURE_AUTORELEASING = YES;
				CLANG_WARN_BOOL_CONVERSION = YES;
				CLANG_WARN_COMMA = YES;
				CLANG_WARN_CONSTANT_CONVERSION = YES;
				CLANG_WARN_DEPRECATED_OBJC_IMPLEMENTATIONS = YES;
				CLANG_WARN_DIRECT_OBJC_ISA_USAGE = YES_ERROR;
				CLANG_WARN_DOCUMENTATION_COMMENTS = YES;
				CLANG_WARN_EMPTY_BODY = YES;
				CLANG_WARN_ENUM_CONVERSION = YES;
				CLANG_WARN_INFINITE_RECURSION = YES;
				CLANG_WARN_INT_CONVERSION = YES;
				CLANG_WARN_NON_LITERAL_NULL_CONVERSION = YES;
				CLANG_WARN_OBJC_IMPLICIT_RETAIN_SELF = YES;
				CLANG_WARN_OBJC_LITERAL_CONVERSION = YES;
				CLANG_WARN_OBJC_ROOT_CLASS = YES_ERROR;
				CLANG_WARN_QUOTED_INCLUDE_IN_FRAMEWORK_HEADER = YES;
				CLANG_WARN_RANGE_LOOP_ANALYSIS = YES;
				CLANG_WARN_STRICT_PROTOTYPES = YES;
				CLANG_WARN_SUSPICIOUS_MOVE = YES;
				CLANG_WARN_UNGUARDED_AVAILABILITY = YES_AGGRESSIVE;
				CLANG_WARN_UNREACHABLE_CODE = YES;
				CLANG_WARN__DUPLICATE_METHOD_MATCH = YES;
				COPY_PHASE_STRIP = NO;
				DEBUG_INFORMATION_FORMAT = "dwarf-with-dsym";
				ENABLE_NS_ASSERTIONS = NO;
				ENABLE_STRICT_OBJC_MSGSEND = YES;
				GCC_C_LANGUAGE_STANDARD = gnu11;
				GCC_NO_COMMON_BLOCKS = YES;
				GCC_WARN_64_TO_32_BIT_CONVERSION = YES;
				GCC_WARN_ABOUT_RETURN_TYPE = YES_ERROR;
				GCC_WARN_UNDECLARED_SELECTOR = YES;
				GCC_WARN_UNINITIALIZED_AUTOS = YES_AGGRESSIVE;
				GCC_WARN_UNUSED_FUNCTION = YES;
				GCC_WARN_UNUSED_VARIABLE = YES;
				IPHONEOS_DEPLOYMENT_TARGET = 15.2;
				MTL_ENABLE_DEBUG_INFO = NO;
				MTL_FAST_MATH = YES;
				SDKROOT = iphoneos;
				SWIFT_COMPILATION_MODE = wholemodule;
				SWIFT_OPTIMIZATION_LEVEL = "-O";
				VALIDATE_PRODUCT = YES;
			};
			name = Release;
		};
		F70503D327E7FA2800D1F52D /* Debug */ = {
			isa = XCBuildConfiguration;
			buildSettings = {
				ASSETCATALOG_COMPILER_APPICON_NAME = AppIcon;
				ASSETCATALOG_COMPILER_GLOBAL_ACCENT_COLOR_NAME = AccentColor;
				CODE_SIGN_STYLE = Automatic;
				CURRENT_PROJECT_VERSION = 1;
				DEVELOPMENT_TEAM = D586698944;
				GENERATE_INFOPLIST_FILE = YES;
				INFOPLIST_FILE = final/Info.plist;
				INFOPLIST_KEY_UIApplicationSupportsIndirectInputEvents = YES;
				INFOPLIST_KEY_UILaunchStoryboardName = LaunchScreen;
				INFOPLIST_KEY_UIMainStoryboardFile = Main;
				INFOPLIST_KEY_UISupportedInterfaceOrientations_iPad = "UIInterfaceOrientationPortrait UIInterfaceOrientationPortraitUpsideDown UIInterfaceOrientationLandscapeLeft UIInterfaceOrientationLandscapeRight";
				INFOPLIST_KEY_UISupportedInterfaceOrientations_iPhone = "UIInterfaceOrientationPortrait UIInterfaceOrientationLandscapeLeft UIInterfaceOrientationLandscapeRight";
				LD_RUNPATH_SEARCH_PATHS = (
					"$(inherited)",
					"@executable_path/Frameworks",
				);
				MARKETING_VERSION = 1.0;
				PRODUCT_BUNDLE_IDENTIFIER = edu.duke.final;
				PRODUCT_NAME = "$(TARGET_NAME)";
				SWIFT_EMIT_LOC_STRINGS = YES;
				SWIFT_VERSION = 5.0;
				TARGETED_DEVICE_FAMILY = "1,2";
			};
			name = Debug;
		};
		F70503D427E7FA2800D1F52D /* Release */ = {
			isa = XCBuildConfiguration;
			buildSettings = {
				ASSETCATALOG_COMPILER_APPICON_NAME = AppIcon;
				ASSETCATALOG_COMPILER_GLOBAL_ACCENT_COLOR_NAME = AccentColor;
				CODE_SIGN_STYLE = Automatic;
				CURRENT_PROJECT_VERSION = 1;
				DEVELOPMENT_TEAM = D586698944;
				GENERATE_INFOPLIST_FILE = YES;
				INFOPLIST_FILE = final/Info.plist;
				INFOPLIST_KEY_UIApplicationSupportsIndirectInputEvents = YES;
				INFOPLIST_KEY_UILaunchStoryboardName = LaunchScreen;
				INFOPLIST_KEY_UIMainStoryboardFile = Main;
				INFOPLIST_KEY_UISupportedInterfaceOrientations_iPad = "UIInterfaceOrientationPortrait UIInterfaceOrientationPortraitUpsideDown UIInterfaceOrientationLandscapeLeft UIInterfaceOrientationLandscapeRight";
				INFOPLIST_KEY_UISupportedInterfaceOrientations_iPhone = "UIInterfaceOrientationPortrait UIInterfaceOrientationLandscapeLeft UIInterfaceOrientationLandscapeRight";
				LD_RUNPATH_SEARCH_PATHS = (
					"$(inherited)",
					"@executable_path/Frameworks",
				);
				MARKETING_VERSION = 1.0;
				PRODUCT_BUNDLE_IDENTIFIER = edu.duke.final;
				PRODUCT_NAME = "$(TARGET_NAME)";
				SWIFT_EMIT_LOC_STRINGS = YES;
				SWIFT_VERSION = 5.0;
				TARGETED_DEVICE_FAMILY = "1,2";
			};
			name = Release;
		};
		F70503D627E7FA2800D1F52D /* Debug */ = {
			isa = XCBuildConfiguration;
			buildSettings = {
				ALWAYS_EMBED_SWIFT_STANDARD_LIBRARIES = YES;
				BUNDLE_LOADER = "$(TEST_HOST)";
				CODE_SIGN_STYLE = Automatic;
				CURRENT_PROJECT_VERSION = 1;
				DEVELOPMENT_TEAM = D586698944;
				GENERATE_INFOPLIST_FILE = YES;
				IPHONEOS_DEPLOYMENT_TARGET = 15.2;
				MARKETING_VERSION = 1.0;
				PRODUCT_BUNDLE_IDENTIFIER = edu.duke.finalTests;
				PRODUCT_NAME = "$(TARGET_NAME)";
				SWIFT_EMIT_LOC_STRINGS = NO;
				SWIFT_VERSION = 5.0;
				TARGETED_DEVICE_FAMILY = "1,2";
				TEST_HOST = "$(BUILT_PRODUCTS_DIR)/final.app/final";
			};
			name = Debug;
		};
		F70503D727E7FA2800D1F52D /* Release */ = {
			isa = XCBuildConfiguration;
			buildSettings = {
				ALWAYS_EMBED_SWIFT_STANDARD_LIBRARIES = YES;
				BUNDLE_LOADER = "$(TEST_HOST)";
				CODE_SIGN_STYLE = Automatic;
				CURRENT_PROJECT_VERSION = 1;
				DEVELOPMENT_TEAM = D586698944;
				GENERATE_INFOPLIST_FILE = YES;
				IPHONEOS_DEPLOYMENT_TARGET = 15.2;
				MARKETING_VERSION = 1.0;
				PRODUCT_BUNDLE_IDENTIFIER = edu.duke.finalTests;
				PRODUCT_NAME = "$(TARGET_NAME)";
				SWIFT_EMIT_LOC_STRINGS = NO;
				SWIFT_VERSION = 5.0;
				TARGETED_DEVICE_FAMILY = "1,2";
				TEST_HOST = "$(BUILT_PRODUCTS_DIR)/final.app/final";
			};
			name = Release;
		};
		F70503D927E7FA2800D1F52D /* Debug */ = {
			isa = XCBuildConfiguration;
			buildSettings = {
				ALWAYS_EMBED_SWIFT_STANDARD_LIBRARIES = YES;
				CODE_SIGN_STYLE = Automatic;
				CURRENT_PROJECT_VERSION = 1;
				DEVELOPMENT_TEAM = D586698944;
				GENERATE_INFOPLIST_FILE = YES;
				MARKETING_VERSION = 1.0;
				PRODUCT_BUNDLE_IDENTIFIER = edu.duke.finalUITests;
				PRODUCT_NAME = "$(TARGET_NAME)";
				SWIFT_EMIT_LOC_STRINGS = NO;
				SWIFT_VERSION = 5.0;
				TARGETED_DEVICE_FAMILY = "1,2";
				TEST_TARGET_NAME = final;
			};
			name = Debug;
		};
		F70503DA27E7FA2800D1F52D /* Release */ = {
			isa = XCBuildConfiguration;
			buildSettings = {
				ALWAYS_EMBED_SWIFT_STANDARD_LIBRARIES = YES;
				CODE_SIGN_STYLE = Automatic;
				CURRENT_PROJECT_VERSION = 1;
				DEVELOPMENT_TEAM = D586698944;
				GENERATE_INFOPLIST_FILE = YES;
				MARKETING_VERSION = 1.0;
				PRODUCT_BUNDLE_IDENTIFIER = edu.duke.finalUITests;
				PRODUCT_NAME = "$(TARGET_NAME)";
				SWIFT_EMIT_LOC_STRINGS = NO;
				SWIFT_VERSION = 5.0;
				TARGETED_DEVICE_FAMILY = "1,2";
				TEST_TARGET_NAME = final;
			};
			name = Release;
		};
/* End XCBuildConfiguration section */

/* Begin XCConfigurationList section */
		F70503A327E7FA2600D1F52D /* Build configuration list for PBXProject "final" */ = {
			isa = XCConfigurationList;
			buildConfigurations = (
				F70503D027E7FA2800D1F52D /* Debug */,
				F70503D127E7FA2800D1F52D /* Release */,
			);
			defaultConfigurationIsVisible = 0;
			defaultConfigurationName = Release;
		};
		F70503D227E7FA2800D1F52D /* Build configuration list for PBXNativeTarget "final" */ = {
			isa = XCConfigurationList;
			buildConfigurations = (
				F70503D327E7FA2800D1F52D /* Debug */,
				F70503D427E7FA2800D1F52D /* Release */,
			);
			defaultConfigurationIsVisible = 0;
			defaultConfigurationName = Release;
		};
		F70503D527E7FA2800D1F52D /* Build configuration list for PBXNativeTarget "finalTests" */ = {
			isa = XCConfigurationList;
			buildConfigurations = (
				F70503D627E7FA2800D1F52D /* Debug */,
				F70503D727E7FA2800D1F52D /* Release */,
			);
			defaultConfigurationIsVisible = 0;
			defaultConfigurationName = Release;
		};
		F70503D827E7FA2800D1F52D /* Build configuration list for PBXNativeTarget "finalUITests" */ = {
			isa = XCConfigurationList;
			buildConfigurations = (
				F70503D927E7FA2800D1F52D /* Debug */,
				F70503DA27E7FA2800D1F52D /* Release */,
			);
			defaultConfigurationIsVisible = 0;
			defaultConfigurationName = Release;
		};
/* End XCConfigurationList section */
	};
	rootObject = F70503A027E7FA2600D1F52D /* Project object */;
}
